{
  "requires": true,
  "lockfileVersion": 1,
  "dependencies": {
    "chart.js": {
      "version": "3.1.0",
      "resolved": "https://registry.npmjs.org/chart.js/-/chart.js-3.1.0.tgz",
      "integrity": "sha512-bKJi2VbC4fqZXlLbK7LKVvmG9crjoG9anfp96utZLyIGPuCx+YN+5/HDXy98QGt3lf74T8gKUPISUZL222tDJQ=="
    }
  }
}
